
Microsoft Visual Studio Solution File, Format Version 12.00
# Visual Studio Version 16
VisualStudioVersion = 16.0.30907.101
MinimumVisualStudioVersion = 10.0.40219.1
Project("{FAE04EC0-301F-11D3-BF4B-00C04F79EFBC}") = "GestioneSpese", "GestioneSpese\GestioneSpese.csproj", "{8A1DC3E3-6F9E-4BA7-A955-8CC9AA2233EA}"
EndProject
Project("{FAE04EC0-301F-11D3-BF4B-00C04F79EFBC}") = "GestioneSpesa.GestioneSpeseEF", "GestioneSpese.EF\GestioneSpesa.GestioneSpeseEF.csproj", "{0D3C24F6-E52F-4BC7-B638-CED610DC631E}"
EndProject
Global
	GlobalSection(SolutionConfigurationPlatforms) = preSolution
		Debug|Any CPU = Debug|Any CPU
		Release|Any CPU = Release|Any CPU
	EndGlobalSection
	GlobalSection(ProjectConfigurationPlatforms) = postSolution
		{8A1DC3E3-6F9E-4BA7-A955-8CC9AA2233EA}.Debug|Any CPU.ActiveCfg = Debug|Any CPU
		{8A1DC3E3-6F9E-4BA7-A955-8CC9AA2233EA}.Debug|Any CPU.Build.0 = Debug|Any CPU
		{8A1DC3E3-6F9E-4BA7-A955-8CC9AA2233EA}.Release|Any CPU.ActiveCfg = Release|Any CPU
		{8A1DC3E3-6F9E-4BA7-A955-8CC9AA2233EA}.Release|Any CPU.Build.0 = Release|Any CPU
		{0D3C24F6-E52F-4BC7-B638-CED610DC631E}.Debug|Any CPU.ActiveCfg = Debug|Any CPU
		{0D3C24F6-E52F-4BC7-B638-CED610DC631E}.Debug|Any CPU.Build.0 = Debug|Any CPU
		{0D3C24F6-E52F-4BC7-B638-CED610DC631E}.Release|Any CPU.ActiveCfg = Release|Any CPU
		{0D3C24F6-E52F-4BC7-B638-CED610DC631E}.Release|Any CPU.Build.0 = Release|Any CPU
	EndGlobalSection
	GlobalSection(SolutionProperties) = preSolution
		HideSolutionNode = FALSE
	EndGlobalSection
	GlobalSection(ExtensibilityGlobals) = postSolution
		SolutionGuid = {A95323ED-799A-4556-9999-7189449D5C86}
	EndGlobalSection
EndGlobal
